
Microsoft Visual Studio Solution File, Format Version 12.00
# Visual Studio Version 17
VisualStudioVersion = 17.7.34221.43
MinimumVisualStudioVersion = 10.0.40219.1
Project("{FAE04EC0-301F-11D3-BF4B-00C04F79EFBC}") = "BoxZadacha", "BoxZadacha\BoxZadacha.csproj", "{13077D7B-1F27-4213-8D87-A0B7287A2ED2}"
EndProject
Project("{FAE04EC0-301F-11D3-BF4B-00C04F79EFBC}") = "BoxZadacha2", "BoxZadacha2\BoxZadacha2.csproj", "{ADB19184-116D-4431-9E44-5111A8B32491}"
EndProject
Project("{FAE04EC0-301F-11D3-BF4B-00C04F79EFBC}") = "BoxZadacha3", "BoxZadacha3\BoxZadacha3.csproj", "{AA3DBABC-9105-409B-A5BD-58D982499FEB}"
EndProject
Global
	GlobalSection(SolutionConfigurationPlatforms) = preSolution
		Debug|Any CPU = Debug|Any CPU
		Release|Any CPU = Release|Any CPU
	EndGlobalSection
	GlobalSection(ProjectConfigurationPlatforms) = postSolution
		{13077D7B-1F27-4213-8D87-A0B7287A2ED2}.Debug|Any CPU.ActiveCfg = Debug|Any CPU
		{13077D7B-1F27-4213-8D87-A0B7287A2ED2}.Debug|Any CPU.Build.0 = Debug|Any CPU
		{13077D7B-1F27-4213-8D87-A0B7287A2ED2}.Release|Any CPU.ActiveCfg = Release|Any CPU
		{13077D7B-1F27-4213-8D87-A0B7287A2ED2}.Release|Any CPU.Build.0 = Release|Any CPU
		{ADB19184-116D-4431-9E44-5111A8B32491}.Debug|Any CPU.ActiveCfg = Debug|Any CPU
		{ADB19184-116D-4431-9E44-5111A8B32491}.Debug|Any CPU.Build.0 = Debug|Any CPU
		{ADB19184-116D-4431-9E44-5111A8B32491}.Release|Any CPU.ActiveCfg = Release|Any CPU
		{ADB19184-116D-4431-9E44-5111A8B32491}.Release|Any CPU.Build.0 = Release|Any CPU
		{AA3DBABC-9105-409B-A5BD-58D982499FEB}.Debug|Any CPU.ActiveCfg = Debug|Any CPU
		{AA3DBABC-9105-409B-A5BD-58D982499FEB}.Debug|Any CPU.Build.0 = Debug|Any CPU
		{AA3DBABC-9105-409B-A5BD-58D982499FEB}.Release|Any CPU.ActiveCfg = Release|Any CPU
		{AA3DBABC-9105-409B-A5BD-58D982499FEB}.Release|Any CPU.Build.0 = Release|Any CPU
	EndGlobalSection
	GlobalSection(SolutionProperties) = preSolution
		HideSolutionNode = FALSE
	EndGlobalSection
	GlobalSection(ExtensibilityGlobals) = postSolution
		SolutionGuid = {EEE34796-3612-49C6-B996-42DCDC3DCD8F}
	EndGlobalSection
EndGlobal
